
Microsoft Visual Studio Solution File, Format Version 12.00
# Visual Studio Version 17
VisualStudioVersion = 17.12.35323.107
MinimumVisualStudioVersion = 10.0.40219.1
Project("{FAE04EC0-301F-11D3-BF4B-00C04F79EFBC}") = "XsltExtensions", "XsltExtensions.csproj", "{D056397F-08B7-4163-93D7-5A65BEA2A359}"
EndProject
Global
	GlobalSection(SolutionConfigurationPlatforms) = preSolution
		Debug|Any CPU = Debug|Any CPU
		Release|Any CPU = Release|Any CPU
	EndGlobalSection
	GlobalSection(ProjectConfigurationPlatforms) = postSolution
		{D056397F-08B7-4163-93D7-5A65BEA2A359}.Debug|Any CPU.ActiveCfg = Debug|Any CPU
		{D056397F-08B7-4163-93D7-5A65BEA2A359}.Debug|Any CPU.Build.0 = Debug|Any CPU
		{D056397F-08B7-4163-93D7-5A65BEA2A359}.Release|Any CPU.ActiveCfg = Release|Any CPU
		{D056397F-08B7-4163-93D7-5A65BEA2A359}.Release|Any CPU.Build.0 = Release|Any CPU
	EndGlobalSection
	GlobalSection(SolutionProperties) = preSolution
		HideSolutionNode = FALSE
	EndGlobalSection
	GlobalSection(ExtensibilityGlobals) = postSolution
		SolutionGuid = {98B0A921-97DD-4109-901F-14BD34641CA4}
	EndGlobalSection
EndGlobal
